# THIS IS AN AUTOGENERATED FILE. DO NOT EDIT THIS FILE DIRECTLY.
# yarn lockfile v1


"@types/accepts@*":
  version "1.3.5"
  resolved "https://registry.yarnpkg.com/@types/accepts/-/accepts-1.3.5.tgz#c34bec115cfc746e04fe5a059df4ce7e7b391575"
  integrity sha512-jOdnI/3qTpHABjM5cx1Hc0sKsPoYCp+DP/GJRGtDlPd7fiV9oXGGIcjW/ZOxLIvjGz8MA+uMZI9metHlgqbgwQ==
  dependencies:
    "@types/node" "*"

"@types/body-parser@*":
  version "1.19.2"
  resolved "https://registry.yarnpkg.com/@types/body-parser/-/body-parser-1.19.2.tgz#aea2059e28b7658639081347ac4fab3de166e6f0"
  integrity sha512-ALYone6pm6QmwZoAgeyNksccT9Q4AWZQ6PvfwR37GT6r6FWUPguq6sUmNGSMV2Wr761oQoBxwGGa6DR5o1DC9g==
  dependencies:
    "@types/connect" "*"
    "@types/node" "*"

"@types/connect@*":
  version "3.4.35"
  resolved "https://registry.yarnpkg.com/@types/connect/-/connect-3.4.35.tgz#5fcf6ae445e4021d1fc2219a4873cc73a3bb2ad1"
  integrity sha512-cdeYyv4KWoEgpBISTxWvqYsVy444DOqehiF3fM3ne10AmJ62RSyNkUnxMJXHQWRQQX2eR94m5y1IZyDwBjV9FQ==
  dependencies:
    "@types/node" "*"

"@types/content-disposition@*":
  version "0.5.5"
  resolved "https://registry.yarnpkg.com/@types/content-disposition/-/content-disposition-0.5.5.tgz#650820e95de346e1f84e30667d168c8fd25aa6e3"
  integrity sha512-v6LCdKfK6BwcqMo+wYW05rLS12S0ZO0Fl4w1h4aaZMD7bqT3gVUns6FvLJKGZHQmYn3SX55JWGpziwJRwVgutA==

"@types/cookies@*":
  version "0.7.7"
  resolved "https://registry.yarnpkg.com/@types/cookies/-/cookies-0.7.7.tgz#7a92453d1d16389c05a5301eef566f34946cfd81"
  integrity sha512-h7BcvPUogWbKCzBR2lY4oqaZbO3jXZksexYJVFvkrFeLgbZjQkU4x8pRq6eg2MHXQhY0McQdqmmsxRWlVAHooA==
  dependencies:
    "@types/connect" "*"
    "@types/express" "*"
    "@types/keygrip" "*"
    "@types/node" "*"

"@types/express-serve-static-core@^4.17.33":
  version "4.17.35"
  resolved "https://registry.yarnpkg.com/@types/express-serve-static-core/-/express-serve-static-core-4.17.35.tgz#c95dd4424f0d32e525d23812aa8ab8e4d3906c4f"
  integrity sha512-wALWQwrgiB2AWTT91CB62b6Yt0sNHpznUXeZEcnPU3DRdlDIz74x8Qg1UUYKSVFi+va5vKOLYRBI1bRKiLLKIg==
  dependencies:
    "@types/node" "*"
    "@types/qs" "*"
    "@types/range-parser" "*"
    "@types/send" "*"

"@types/express@*":
  version "4.17.17"
  resolved "https://registry.yarnpkg.com/@types/express/-/express-4.17.17.tgz#01d5437f6ef9cfa8668e616e13c2f2ac9a491ae4"
  integrity sha512-Q4FmmuLGBG58btUnfS1c1r/NQdlp3DMfGDGig8WhfpA2YRUtEkxAjkZb0yvplJGYdF1fsQ81iMDcH24sSCNC/Q==
  dependencies:
    "@types/body-parser" "*"
    "@types/express-serve-static-core" "^4.17.33"
    "@types/qs" "*"
    "@types/serve-static" "*"

"@types/http-assert@*":
  version "1.5.3"
  resolved "https://registry.yarnpkg.com/@types/http-assert/-/http-assert-1.5.3.tgz#ef8e3d1a8d46c387f04ab0f2e8ab8cb0c5078661"
  integrity sha512-FyAOrDuQmBi8/or3ns4rwPno7/9tJTijVW6aQQjK02+kOQ8zmoNg2XJtAuQhvQcy1ASJq38wirX5//9J1EqoUA==

"@types/http-errors@*":
  version "2.0.1"
  resolved "https://registry.yarnpkg.com/@types/http-errors/-/http-errors-2.0.1.tgz#20172f9578b225f6c7da63446f56d4ce108d5a65"
  integrity sha512-/K3ds8TRAfBvi5vfjuz8y6+GiAYBZ0x4tXv1Av6CWBWn0IlADc+ZX9pMq7oU0fNQPnBwIZl3rmeLp6SBApbxSQ==

"@types/keygrip@*":
  version "1.0.2"
  resolved "https://registry.yarnpkg.com/@types/keygrip/-/keygrip-1.0.2.tgz#513abfd256d7ad0bf1ee1873606317b33b1b2a72"
  integrity sha512-GJhpTepz2udxGexqos8wgaBx4I/zWIDPh/KOGEwAqtuGDkOUJu5eFvwmdBX4AmB8Odsr+9pHCQqiAqDL/yKMKw==

"@types/koa-compose@*":
  version "3.2.5"
  resolved "https://registry.yarnpkg.com/@types/koa-compose/-/koa-compose-3.2.5.tgz#85eb2e80ac50be95f37ccf8c407c09bbe3468e9d"
  integrity sha512-B8nG/OoE1ORZqCkBVsup/AKcvjdgoHnfi4pZMn5UwAPCbhk/96xyv284eBYW8JlQbQ7zDmnpFr68I/40mFoIBQ==
  dependencies:
    "@types/koa" "*"

"@types/koa@*":
  version "2.13.6"
  resolved "https://registry.yarnpkg.com/@types/koa/-/koa-2.13.6.tgz#6dc14e727baf397310aa6f414ebe5d144983af42"
  integrity sha512-diYUfp/GqfWBAiwxHtYJ/FQYIXhlEhlyaU7lB/bWQrx4Il9lCET5UwpFy3StOAohfsxxvEQ11qIJgT1j2tfBvw==
  dependencies:
    "@types/accepts" "*"
    "@types/content-disposition" "*"
    "@types/cookies" "*"
    "@types/http-assert" "*"
    "@types/http-errors" "*"
    "@types/keygrip" "*"
    "@types/koa-compose" "*"
    "@types/node" "*"

"@types/ltx@*":
  version "3.0.3"
  resolved "https://registry.yarnpkg.com/@types/ltx/-/ltx-3.0.3.tgz#d182e79722ab590d0cc6516988c26af0857b9289"
  integrity sha512-D1MF8CcrAz6fxREbiI72DSOK6AnF5daF1kbNwACXfHZTrw0bX7qG6psX9dnsfOAsJpe8it26XgI0Ieq6BNNdxQ==

"@types/mime@*":
  version "3.0.1"
  resolved "https://registry.yarnpkg.com/@types/mime/-/mime-3.0.1.tgz#5f8f2bca0a5863cb69bc0b0acd88c96cb1d4ae10"
  integrity sha512-Y4XFY5VJAuw0FgAqPNd6NNoV44jbq9Bz2L7Rh/J6jLTiHBSBJa9fxqQIvkIld4GsoDOcCbvzOUAbLPsSKKg+uA==

"@types/mime@^1":
  version "1.3.2"
  resolved "https://registry.yarnpkg.com/@types/mime/-/mime-1.3.2.tgz#93e25bf9ee75fe0fd80b594bc4feb0e862111b5a"
  integrity sha512-YATxVxgRqNH6nHEIsvg6k2Boc1JHI9ZbH5iWFFv/MTkchz3b1ieGDa5T0a9RznNdI0KhVbdbWSN+KWWrQZRxTw==

"@types/node@*":
  version "20.3.3"
  resolved "https://registry.yarnpkg.com/@types/node/-/node-20.3.3.tgz#329842940042d2b280897150e023e604d11657d6"
  integrity sha512-wheIYdr4NYML61AjC8MKj/2jrR/kDQri/CIpVoZwldwhnIrD/j9jIU5bJ8yBKuB2VhpFV7Ab6G2XkBjv9r9Zzw==

"@types/qs@*":
  version "6.9.7"
  resolved "https://registry.yarnpkg.com/@types/qs/-/qs-6.9.7.tgz#63bb7d067db107cc1e457c303bc25d511febf6cb"
  integrity sha512-FGa1F62FT09qcrueBA6qYTrJPVDzah9a+493+o2PCXsesWHIn27G98TsSMs3WPNbZIEj4+VJf6saSFpvD+3Zsw==

"@types/range-parser@*":
  version "1.2.4"
  resolved "https://registry.yarnpkg.com/@types/range-parser/-/range-parser-1.2.4.tgz#cd667bcfdd025213aafb7ca5915a932590acdcdc"
  integrity sha512-EEhsLsD6UsDM1yFhAvy0Cjr6VwmpMWqFBCb9w07wVugF7w9nfajxLuVmngTIpgS6svCnm6Vaw+MZhoDCKnOfsw==

"@types/send@*":
  version "0.17.1"
  resolved "https://registry.yarnpkg.com/@types/send/-/send-0.17.1.tgz#ed4932b8a2a805f1fe362a70f4e62d0ac994e301"
  integrity sha512-Cwo8LE/0rnvX7kIIa3QHCkcuF21c05Ayb0ZfxPiv0W8VRiZiNW/WuRupHKpqqGVGf7SUA44QSOUKaEd9lIrd/Q==
  dependencies:
    "@types/mime" "^1"
    "@types/node" "*"

"@types/serve-static@*":
  version "1.15.2"
  resolved "https://registry.yarnpkg.com/@types/serve-static/-/serve-static-1.15.2.tgz#3e5419ecd1e40e7405d34093f10befb43f63381a"
  integrity sha512-J2LqtvFYCzaj8pVYKw8klQXrLLk7TBZmQ4ShlcdkELFKGwGMfevMLneMMRkMgZxotOD9wg497LpC7O8PcvAmfw==
  dependencies:
    "@types/http-errors" "*"
    "@types/mime" "*"
    "@types/node" "*"

"@types/xmpp__component-core@*":
  version "0.13.0"
  resolved "https://registry.yarnpkg.com/@types/xmpp__component-core/-/xmpp__component-core-0.13.0.tgz#7b9eb195893ae0274dd6895656c11b9828693b6a"
  integrity sha512-K9l6SLG91kTcchW/Nt5TL9Kfe5aWDyDcHWvoFgnwvGoF4g0K737HdZMzD0DN1TP7Gb2g/JNCiK245BuDYegAbw==
  dependencies:
    "@types/xmpp__connection-tcp" "*"
    "@types/xmpp__jid" "*"
    "@types/xmpp__xml" "*"

"@types/xmpp__component@^0.13.0":
  version "0.13.0"
  resolved "https://registry.yarnpkg.com/@types/xmpp__component/-/xmpp__component-0.13.0.tgz#431c92cc85d642b8270a527ea3a49dff36a49a10"
  integrity sha512-4vKLiicgkZwW8bKofmmy0BJpw3MuOW73c5hVPhUtgBPDTh9hj7wQezhpOLX3AhQFto97YpLg2GwWzhnwfSl1BA==
  dependencies:
    "@types/xmpp__component-core" "*"
    "@types/xmpp__iq" "*"
    "@types/xmpp__middleware" "*"
    "@types/xmpp__reconnect" "*"

"@types/xmpp__connection-tcp@*":
  version "0.13.0"
  resolved "https://registry.yarnpkg.com/@types/xmpp__connection-tcp/-/xmpp__connection-tcp-0.13.0.tgz#5a9fd6adb3d58ef453e7e41c0f725b7830ef27cc"
  integrity sha512-yHvAWck6JVs0H/E2tnoUVOsFPylLj1TX4ARdm1/jFRqOPWynw36B/RU0UW1KNSC8dKA6VAhl0mTICnGUZVtcug==
  dependencies:
    "@types/xmpp__connection" "*"
    "@types/xmpp__xml" "*"

"@types/xmpp__connection@*":
  version "0.13.0"
  resolved "https://registry.yarnpkg.com/@types/xmpp__connection/-/xmpp__connection-0.13.0.tgz#8b484c6f6def21d0ac4439560bbc22f4f8b4655d"
  integrity sha512-YsvLhgOfxY3TbDTeTT0ZrToqh3IsA0nKnXk/NxTES2O6wTxn9lQDRBYNgB6lkq+D50nA8nmT3d53acb0f4Rycw==
  dependencies:
    "@types/xmpp__error" "*"
    "@types/xmpp__events" "*"
    "@types/xmpp__jid" "*"
    "@types/xmpp__xml" "*"

"@types/xmpp__error@*":
  version "0.13.0"
  resolved "https://registry.yarnpkg.com/@types/xmpp__error/-/xmpp__error-0.13.0.tgz#1682c665ddb20ca616dc59131291f251a53e32e1"
  integrity sha512-W+tM0UDj3toruhdjhn/VK1mtjOF+YMz+FdxgkMVi6lwCXA/uDW79elW6WbeM8zhiM92ZoVPSgD2zt9YXmrkiZQ==
  dependencies:
    "@types/xmpp__xml" "*"

"@types/xmpp__events@*":
  version "0.13.0"
  resolved "https://registry.yarnpkg.com/@types/xmpp__events/-/xmpp__events-0.13.0.tgz#75af926ee045b117ea0b53729743244a08d287b1"
  integrity sha512-somi0EF9BwaBPmDQk6r1hE6dtXXjv2ztSNk/hStcfGVY9NfD9ErcopWgzzbGdeQg2/WcMNlVwfYXQfIm6w3w+A==
  dependencies:
    "@types/node" "*"

"@types/xmpp__iq@*":
  version "0.13.0"
  resolved "https://registry.yarnpkg.com/@types/xmpp__iq/-/xmpp__iq-0.13.0.tgz#d415b43eee42027d6b6b873bcb6f89f0216b0954"
  integrity sha512-jy3aTixRMi8uqiIfhbkIxeWB62NTFGXKdZsYOwlgLNQ9BUimnbGR8BmZGSic5meUTPUaEEpCx/xp3AnVYADICQ==
  dependencies:
    "@types/koa-compose" "*"
    "@types/xmpp__events" "*"
    "@types/xmpp__middleware" "*"
    "@types/xmpp__xml" "*"

"@types/xmpp__jid@*":
  version "1.3.3"
  resolved "https://registry.yarnpkg.com/@types/xmpp__jid/-/xmpp__jid-1.3.3.tgz#ef439d61d054ff40cf4666e153d4460472680234"
  integrity sha512-dSsfCAuhl6tUrFMnvudyQwpTVRM58ldWIhW0marSIka2u4ratB7BHIOZq9Anc/rLrV18/sl6UuDT+hao1GZnLw==

"@types/xmpp__middleware@*":
  version "0.13.0"
  resolved "https://registry.yarnpkg.com/@types/xmpp__middleware/-/xmpp__middleware-0.13.0.tgz#d5e0d602b04485797580ffa615440063845b7e59"
  integrity sha512-bgwIFdl5khKt/UQY4f6Ca7pEIUGQPCN3CvZ4ZuYSwp5PY9EpH32Tj/akUwfWMuMqGsybvdTeuq7ewT1ic7hsZQ==
  dependencies:
    "@types/koa-compose" "*"
    "@types/xmpp__connection" "*"
    "@types/xmpp__error" "*"
    "@types/xmpp__jid" "*"
    "@types/xmpp__xml" "*"

"@types/xmpp__reconnect@*":
  version "0.13.0"
  resolved "https://registry.yarnpkg.com/@types/xmpp__reconnect/-/xmpp__reconnect-0.13.0.tgz#8c5f6e658e1e0935ea5fb7af22a4963f71bac0a2"
  integrity sha512-MGuq9Dl24iU/t1nuGp/5yUsv4yAvQk5DOARw/iPXpAjB5hCBCzzvsN2ttkw8vAVsQ5DSbpgPWI33GQ2xF2MaSQ==
  dependencies:
    "@types/xmpp__connection" "*"
    "@types/xmpp__events" "*"

"@types/xmpp__xml@*":
  version "0.13.1"
  resolved "https://registry.yarnpkg.com/@types/xmpp__xml/-/xmpp__xml-0.13.1.tgz#9852689aff37ed07149070f7f50a8100e4cd27b3"
  integrity sha512-pxRGht/JVPhIwvcFkqv3fsXc1V/qj/C+vkTD75S1whpaNslJJbmA4hphOcbynvIegKdQHxfa56d22sOtHWjDsg==
  dependencies:
    "@types/ltx" "*"

"@xmpp/component-core@^0.13.1":
  version "0.13.1"
  resolved "https://registry.yarnpkg.com/@xmpp/component-core/-/component-core-0.13.1.tgz#76c5bcface84477f21dbf6693b98be728923c45f"
  integrity sha512-jZOkSvqP8ObP0SrceqLy0UnWStDHubscXuqkI8inYB5cHQmu3wvQW1e5nin/MTX0pShJO2dRFnXgHAiYstLUcg==
  dependencies:
    "@xmpp/connection-tcp" "^0.13.1"
    "@xmpp/jid" "^0.13.1"
    "@xmpp/xml" "^0.13.1"

"@xmpp/component@^0.13.1":
  version "0.13.1"
  resolved "https://registry.yarnpkg.com/@xmpp/component/-/component-0.13.1.tgz#767eb57d89a7119d44c0dafe4006d506b7b2db93"
  integrity sha512-lKgcwAOL2Hqxxm/ODIhLn0BVMEk9xiiRmCR9ByJfoRyfMhURl+q/0fGwJ/i8r4AjutXyrRb1RbqcFNkfkBYk6g==
  dependencies:
    "@xmpp/component-core" "^0.13.1"
    "@xmpp/iq" "^0.13.1"
    "@xmpp/middleware" "^0.13.1"
    "@xmpp/reconnect" "^0.13.1"

"@xmpp/connection-tcp@^0.13.1":
  version "0.13.1"
  resolved "https://registry.yarnpkg.com/@xmpp/connection-tcp/-/connection-tcp-0.13.1.tgz#07a48223ac0dc2cc97fa8adf85d98a73418568f9"
  integrity sha512-yTVrj5o5rPVbZT5ql5ljzzIZHnLkCuyTNEQpiU9IYvfjWjy4+E2DreUnpRf3IAbpARkMoPq5uQJchH0RE3WBjg==
  dependencies:
    "@xmpp/connection" "^0.13.1"
    "@xmpp/xml" "^0.13.1"

"@xmpp/connection@^0.13.1":
  version "0.13.1"
  resolved "https://registry.yarnpkg.com/@xmpp/connection/-/connection-0.13.1.tgz#1c71e2dcfa8a2e72dda4dbf73fe0b520f8971851"
  integrity sha512-A8ojaVRrvGtvRTXcWiOJMnBPAytLFvsz18g/jO9PbnhzuqqeJ6LxmCtyaKqchMdX0lhuZpo0JUgCSPnZ68tXrQ==
  dependencies:
    "@xmpp/error" "^0.13.1"
    "@xmpp/events" "^0.13.1"
    "@xmpp/jid" "^0.13.1"
    "@xmpp/xml" "^0.13.1"

"@xmpp/error@^0.13.1":
  version "0.13.1"
  resolved "https://registry.yarnpkg.com/@xmpp/error/-/error-0.13.1.tgz#fba9ddd33e34f77616635b87b67e974637b23995"
  integrity sha512-tKecj36xIGLhLctdYhUOxWs+ZdiJpl0Tfp/GhfrUCKLHj/wq14d62SP9kxa0sDNKOY1uqRq2N9gWZBQHuP+r2Q==

"@xmpp/events@^0.13.1":
  version "0.13.1"
  resolved "https://registry.yarnpkg.com/@xmpp/events/-/events-0.13.1.tgz#8bfa57117bb8c21da87e62a1985d65b7b1c342c2"
  integrity sha512-c538zWUoD7KfMzMWGHyJkXvRYE5exzVjK6NAsMtfNtbVqw9SXJJaGLvDvYSXOQmKQaZz5guUuIUGiHJbr7yjsA==
  dependencies:
    events "^3.3.0"

"@xmpp/id@^0.13.1":
  version "0.13.1"
  resolved "https://registry.yarnpkg.com/@xmpp/id/-/id-0.13.1.tgz#771f5cc64e402cab0994e6e4e05bfc635a300948"
  integrity sha512-ivc7kxfk5sU6PspdQvglsibcWRCr40nbaPEvGYbXO8ymFN6qps91DPlEt0Cc0XJExq7PXo0Yt7DACfe8f7K03g==

"@xmpp/iq@^0.13.1":
  version "0.13.1"
  resolved "https://registry.yarnpkg.com/@xmpp/iq/-/iq-0.13.1.tgz#29e5e62f6bad7cd73020948dc682c3bb2dd6e2ec"
  integrity sha512-YyJj6up2aFTobTUmjdX86vs0+/WIB8i88QQjDDlzSKdMDDXgrB8B8JAMlEBfAsruAv/ZIwUnE4/yqCeMAehTuA==
  dependencies:
    "@xmpp/events" "^0.13.1"
    "@xmpp/id" "^0.13.1"
    "@xmpp/middleware" "^0.13.1"
    "@xmpp/xml" "^0.13.1"

"@xmpp/jid@^0.13.1":
  version "0.13.1"
  resolved "https://registry.yarnpkg.com/@xmpp/jid/-/jid-0.13.1.tgz#043cd7c491feeb6a7c9f7b1b3581f94939670717"
  integrity sha512-E5ulk4gfPQwPY71TWXapiWzoxxAJz3LP0bDIUXIfgvlf1/2QKP3EcYQ7o+qmI0cLEZwWmwluRGouylqhyuwcAw==

"@xmpp/middleware@^0.13.1":
  version "0.13.1"
  resolved "https://registry.yarnpkg.com/@xmpp/middleware/-/middleware-0.13.1.tgz#fe64e7f5d12fb74254684d96e17777fb4e7a44ed"
  integrity sha512-t7kws9KMgaQURCDMcPjJOm/sEcC2Gs2YtpE35NaTR87NSwr8yZ37ZJL5Kki3Z4qhL6nhMXJPAprc6uqBn5q3Og==
  dependencies:
    "@xmpp/error" "^0.13.1"
    "@xmpp/jid" "^0.13.1"
    "@xmpp/xml" "^0.13.1"
    koa-compose "^4.1.0"

"@xmpp/reconnect@^0.13.1":
  version "0.13.1"
  resolved "https://registry.yarnpkg.com/@xmpp/reconnect/-/reconnect-0.13.1.tgz#c815ec749a5c142fb9255af951d64e1dbadc419b"
  integrity sha512-m/j/mTU7b3cOXP78uGzBbihmJMuXCYcTcwsTHlexj6tj6CE/vpuLNgxvf6pPkO7B9lH0HfezqU7ExHpS+4Nfaw==
  dependencies:
    "@xmpp/events" "^0.13.1"

"@xmpp/xml@^0.13.1":
  version "0.13.1"
  resolved "https://registry.yarnpkg.com/@xmpp/xml/-/xml-0.13.1.tgz#856b992dec1978fba89e06bd4718d91a31188916"
  integrity sha512-GMfYB3PKY9QzsMnl3dPohgPBGd1JQTBanKOaZexJCSYJN2cdYLU2HGhjMtDlGSno6h9U+t0oO7r0igsJwyigwg==
  dependencies:
    ltx "^3.0.0"

events@^3.3.0:
  version "3.3.0"
  resolved "https://registry.yarnpkg.com/events/-/events-3.3.0.tgz#31a95ad0a924e2d2c419a813aeb2c4e878ea7400"
  integrity sha512-mQw+2fkQbALzQ7V0MY0IqdnXNOeTtP4r0lN9z7AAawCXgqea7bDii20AYrIBrFd/Hx0M2Ocz6S111CaFkUcb0Q==

koa-compose@^4.1.0:
  version "4.1.0"
  resolved "https://registry.yarnpkg.com/koa-compose/-/koa-compose-4.1.0.tgz#507306b9371901db41121c812e923d0d67d3e877"
  integrity sha512-8ODW8TrDuMYvXRwra/Kh7/rJo9BtOfPc6qO8eAfC80CnCvSjSl0bkRM24X6/XBBEyj0v1nRUQ1LyOy3dbqOWXw==

ltx@^3.0.0:
  version "3.0.0"
  resolved "https://registry.yarnpkg.com/ltx/-/ltx-3.0.0.tgz#f2a2260814165c5e28d455f9f7db2178ed295187"
  integrity sha512-bu3/4/ApUmMqVNuIkHaRhqVtEi6didYcBDIF56xhPRCzVpdztCipZ62CUuaxMlMBUzaVL93+4LZRqe02fuAG6A==
